# @generated by Move, please check-in and do not edit manually.

[move]
version = 3
manifest_digest = "EA0EF68234270BAF0A9F75702FD4AAF6CFA67A93BFFD61635D588ADC00AF660D"
deps_digest = "F8BBB0CCB2491CA29A3DF03D6F92277A4F3574266507ACD77214D37ECA3F3082"
dependencies = [
  { id = "Sui", name = "Sui" },
]

[[move.package]]
id = "MoveStdlib"
source = { git = "https://github.com/MystenLabs/sui.git", rev = "testnet-v1.58.1", subdir = "crates/sui-framework/packages/move-stdlib" }

[[move.package]]
id = "Sui"
source = { git = "https://github.com/MystenLabs/sui.git", rev = "testnet-v1.58.1", subdir = "crates/sui-framework/packages/sui-framework" }

dependencies = [
  { id = "MoveStdlib", name = "MoveStdlib" },
]

[move.toolchain-version]
compiler-version = "1.58.2"
edition = "2024"
flavor = "sui"

[env]

[env.testnet]
chain-id = "4c78adac"
original-published-id = "0x32b66df04eb2deb6151b41e2f682457ae5288372997ce04f883a22aa50418416"
latest-published-id = "0x32b66df04eb2deb6151b41e2f682457ae5288372997ce04f883a22aa50418416"
published-version = "1"
