# Generated by move; do not edit
# This file should be checked in.

[move]
version = 4

[pinned.mainnet.MoveStdlib]
source = { git = "https://github.com/MystenLabs/sui.git", subdir = "crates/sui-framework/packages/move-stdlib", rev = "655576caa3d7faaed39ebbc15d1bcc91d0761aee" }
use_environment = "mainnet"
manifest_digest = "C4FE4C91DE74CBF223B2E380AE40F592177D21870DC2D7EB6227D2D694E05363"
deps = {}

[pinned.mainnet.MoveStdlib_1]
source = { git = "https://github.com/MystenLabs/sui.git", subdir = "crates/sui-framework/packages/move-stdlib", rev = "eddf9c94dfcc9b86e5c4966748252148d73bb217" }
use_environment = "mainnet"
manifest_digest = "C4FE4C91DE74CBF223B2E380AE40F592177D21870DC2D7EB6227D2D694E05363"
deps = {}

[pinned.mainnet.Sui]
source = { git = "https://github.com/MystenLabs/sui.git", subdir = "crates/sui-framework/packages/sui-framework", rev = "655576caa3d7faaed39ebbc15d1bcc91d0761aee" }
use_environment = "mainnet"
manifest_digest = "CD547CB1ACCE0880C835DAED2D8FFCB91D56C833AE5240D3AA5B918398263195"
deps = { MoveStdlib = "MoveStdlib" }

[pinned.mainnet.Sui_1]
source = { git = "https://github.com/MystenLabs/sui.git", subdir = "crates/sui-framework/packages/sui-framework", rev = "eddf9c94dfcc9b86e5c4966748252148d73bb217" }
use_environment = "mainnet"
manifest_digest = "CD547CB1ACCE0880C835DAED2D8FFCB91D56C833AE5240D3AA5B918398263195"
deps = { MoveStdlib = "MoveStdlib_1" }

[pinned.mainnet.WAL]
source = { git = "https://github.com/MystenLabs/walrus.git", subdir = "mainnet-contracts/wal", rev = "ca071e0916ec0dc86c6b474d6eb0772421243d73" }
use_environment = "mainnet"
manifest_digest = "08D7F4F08A90745595084EF351C2DC663EB302DA8C5AAE8A4E23B508AF951A80"
deps = { Sui = "Sui_1" }

[pinned.mainnet.Walrus]
source = { git = "https://github.com/MystenLabs/walrus.git", subdir = "mainnet-contracts/walrus", rev = "ca071e0916ec0dc86c6b474d6eb0772421243d73" }
use_environment = "mainnet"
manifest_digest = "F5EE3601B0F0F292A09B1CF6BFF941E8BCD70C7624692070796849E0B7FB337B"
deps = { Sui = "Sui_1", WAL = "WAL" }

[pinned.mainnet.walrus_sui_archival_metadata]
source = { root = true }
use_environment = "mainnet"
manifest_digest = "BA2E8179FFF8E07509A9987EC9BA4A814E7CCDF405EAB8B49BF2172091CBB1E6"
deps = { WAL = "WAL", Walrus = "Walrus", std = "MoveStdlib", sui = "Sui" }

[pinned.testnet.MoveStdlib]
source = { git = "https://github.com/MystenLabs/sui.git", subdir = "crates/sui-framework/packages/move-stdlib", rev = "655576caa3d7faaed39ebbc15d1bcc91d0761aee" }
use_environment = "testnet"
manifest_digest = "C4FE4C91DE74CBF223B2E380AE40F592177D21870DC2D7EB6227D2D694E05363"
deps = {}

[pinned.testnet.MoveStdlib_1]
source = { git = "https://github.com/MystenLabs/sui.git", subdir = "crates/sui-framework/packages/move-stdlib", rev = "eddf9c94dfcc9b86e5c4966748252148d73bb217" }
use_environment = "testnet"
manifest_digest = "C4FE4C91DE74CBF223B2E380AE40F592177D21870DC2D7EB6227D2D694E05363"
deps = {}

[pinned.testnet.Sui]
source = { git = "https://github.com/MystenLabs/sui.git", subdir = "crates/sui-framework/packages/sui-framework", rev = "655576caa3d7faaed39ebbc15d1bcc91d0761aee" }
use_environment = "testnet"
manifest_digest = "7AFB66695545775FBFBB2D3078ADFD084244D5002392E837FDE21D9EA1C6D01C"
deps = { MoveStdlib = "MoveStdlib" }

[pinned.testnet.Sui_1]
source = { git = "https://github.com/MystenLabs/sui.git", subdir = "crates/sui-framework/packages/sui-framework", rev = "eddf9c94dfcc9b86e5c4966748252148d73bb217" }
use_environment = "testnet"
manifest_digest = "7AFB66695545775FBFBB2D3078ADFD084244D5002392E837FDE21D9EA1C6D01C"
deps = { MoveStdlib = "MoveStdlib_1" }

[pinned.testnet.WAL]
source = { git = "https://github.com/MystenLabs/walrus.git", subdir = "mainnet-contracts/wal", rev = "ca071e0916ec0dc86c6b474d6eb0772421243d73" }
use_environment = "testnet"
manifest_digest = "16A0A56D2106505227D18ABC1405E8A5934D13F6BBE678F8FB857C0D364BAFC8"
deps = { Sui = "Sui_1" }

[pinned.testnet.Walrus]
source = { git = "https://github.com/MystenLabs/walrus.git", subdir = "mainnet-contracts/walrus", rev = "ca071e0916ec0dc86c6b474d6eb0772421243d73" }
use_environment = "testnet"
manifest_digest = "8C46F2A9A10425E18570F04D7E2A96351FEC389DD4AA0225C5B29DA79478AA03"
deps = { Sui = "Sui_1", WAL = "WAL" }

[pinned.testnet.walrus_sui_archival_metadata]
source = { root = true }
use_environment = "testnet"
manifest_digest = "69A4A7F2AD48DBFD70F8066CAEFAEBC4FD35E2020B1B53EA4A7587BF8752E263"
deps = { WAL = "WAL", Walrus = "Walrus", std = "MoveStdlib", sui = "Sui" }
